
Microsoft Visual Studio Solution File, Format Version 12.00
# Visual Studio Version 17
VisualStudioVersion = 17.3.32825.248
MinimumVisualStudioVersion = 10.0.40219.1
Project("{FAE04EC0-301F-11D3-BF4B-00C04F79EFBC}") = "HiLoGame_Server", "HiLoGame_Server.csproj", "{B337B1D3-09AC-4CE6-9FB8-ED42425ACF13}"
EndProject
Global
	GlobalSection(SolutionConfigurationPlatforms) = preSolution
		Debug|Any CPU = Debug|Any CPU
		Release|Any CPU = Release|Any CPU
	EndGlobalSection
	GlobalSection(ProjectConfigurationPlatforms) = postSolution
		{B337B1D3-09AC-4CE6-9FB8-ED42425ACF13}.Debug|Any CPU.ActiveCfg = Debug|Any CPU
		{B337B1D3-09AC-4CE6-9FB8-ED42425ACF13}.Debug|Any CPU.Build.0 = Debug|Any CPU
		{B337B1D3-09AC-4CE6-9FB8-ED42425ACF13}.Release|Any CPU.ActiveCfg = Release|Any CPU
		{B337B1D3-09AC-4CE6-9FB8-ED42425ACF13}.Release|Any CPU.Build.0 = Release|Any CPU
	EndGlobalSection
	GlobalSection(SolutionProperties) = preSolution
		HideSolutionNode = FALSE
	EndGlobalSection
	GlobalSection(ExtensibilityGlobals) = postSolution
		SolutionGuid = {6AD722F3-95E3-4DE9-8308-6F2387AAFF5A}
	EndGlobalSection
EndGlobal
